
Microsoft Visual Studio Solution File, Format Version 12.00
# Visual Studio Version 16
VisualStudioVersion = 16.0.30413.136
MinimumVisualStudioVersion = 10.0.40219.1
Project("{FAE04EC0-301F-11D3-BF4B-00C04F79EFBC}") = "sensortest.Android", "sensortest.Android\sensortest.Android.csproj", "{8CABC814-8EAF-4873-A1DA-C2F47E19CDF0}"
EndProject
Project("{FAE04EC0-301F-11D3-BF4B-00C04F79EFBC}") = "sensortest", "sensortest\sensortest.csproj", "{F3E785B1-97ED-493F-ABBD-237634AA3B6A}"
EndProject
Global
	GlobalSection(SolutionConfigurationPlatforms) = preSolution
		Debug|Any CPU = Debug|Any CPU
		Release|Any CPU = Release|Any CPU
	EndGlobalSection
	GlobalSection(ProjectConfigurationPlatforms) = postSolution
		{8CABC814-8EAF-4873-A1DA-C2F47E19CDF0}.Debug|Any CPU.ActiveCfg = Debug|Any CPU
		{8CABC814-8EAF-4873-A1DA-C2F47E19CDF0}.Debug|Any CPU.Build.0 = Debug|Any CPU
		{8CABC814-8EAF-4873-A1DA-C2F47E19CDF0}.Debug|Any CPU.Deploy.0 = Debug|Any CPU
		{8CABC814-8EAF-4873-A1DA-C2F47E19CDF0}.Release|Any CPU.ActiveCfg = Release|Any CPU
		{8CABC814-8EAF-4873-A1DA-C2F47E19CDF0}.Release|Any CPU.Build.0 = Release|Any CPU
		{8CABC814-8EAF-4873-A1DA-C2F47E19CDF0}.Release|Any CPU.Deploy.0 = Release|Any CPU
		{F3E785B1-97ED-493F-ABBD-237634AA3B6A}.Debug|Any CPU.ActiveCfg = Debug|Any CPU
		{F3E785B1-97ED-493F-ABBD-237634AA3B6A}.Debug|Any CPU.Build.0 = Debug|Any CPU
		{F3E785B1-97ED-493F-ABBD-237634AA3B6A}.Debug|Any CPU.Deploy.0 = Debug|Any CPU
		{F3E785B1-97ED-493F-ABBD-237634AA3B6A}.Release|Any CPU.ActiveCfg = Release|Any CPU
		{F3E785B1-97ED-493F-ABBD-237634AA3B6A}.Release|Any CPU.Build.0 = Release|Any CPU
		{F3E785B1-97ED-493F-ABBD-237634AA3B6A}.Release|Any CPU.Deploy.0 = Release|Any CPU
	EndGlobalSection
	GlobalSection(SolutionProperties) = preSolution
		HideSolutionNode = FALSE
	EndGlobalSection
	GlobalSection(ExtensibilityGlobals) = postSolution
		SolutionGuid = {27338634-BEBC-4BC2-8570-561D396AA1E1}
	EndGlobalSection
EndGlobal
